// !$*UTF8*$!
{
	archiveVersion = 1;
	classes = {
	};
	objectVersion = 50;
	objects = {

/* Begin PBXBuildFile section */
		FAE8610D236491BF00674E04 /* AppDelegate.swift in Sources */ = {isa = PBXBuildFile; fileRef = FAE8610C236491BF00674E04 /* AppDelegate.swift */; };
		FAE8610F236491BF00674E04 /* SceneDelegate.swift in Sources */ = {isa = PBXBuildFile; fileRef = FAE8610E236491BF00674E04 /* SceneDelegate.swift */; };
		FAE86112236491BF00674E04 /* Artout.xcdatamodeld in Sources */ = {isa = PBXBuildFile; fileRef = FAE86110236491BF00674E04 /* Artout.xcdatamodeld */; };
		FAE86114236491BF00674E04 /* ContentView.swift in Sources */ = {isa = PBXBuildFile; fileRef = FAE86113236491BF00674E04 /* ContentView.swift */; };
		FAE86116236491C000674E04 /* Assets.xcassets in Resources */ = {isa = PBXBuildFile; fileRef = FAE86115236491C000674E04 /* Assets.xcassets */; };
		FAE86119236491C000674E04 /* Preview Assets.xcassets in Resources */ = {isa = PBXBuildFile; fileRef = FAE86118236491C000674E04 /* Preview Assets.xcassets */; };
		FAE8611C236491C000674E04 /* LaunchScreen.storyboard in Resources */ = {isa = PBXBuildFile; fileRef = FAE8611A236491C000674E04 /* LaunchScreen.storyboard */; };
		FAE86127236491C000674E04 /* ArtoutTests.swift in Sources */ = {isa = PBXBuildFile; fileRef = FAE86126236491C000674E04 /* ArtoutTests.swift */; };
		FAE86132236491C000674E04 /* ArtoutUITests.swift in Sources */ = {isa = PBXBuildFile; fileRef = FAE86131236491C000674E04 /* ArtoutUITests.swift */; };
		FAE86140236491F900674E04 /* SignupView.swift in Sources */ = {isa = PBXBuildFile; fileRef = FAE8613F236491F900674E04 /* SignupView.swift */; };
		FAE861432364979B00674E04 /* LoginViewModel.swift in Sources */ = {isa = PBXBuildFile; fileRef = FAE861422364979B00674E04 /* LoginViewModel.swift */; };
		FAE86145236498A000674E04 /* SignupViewModel.swift in Sources */ = {isa = PBXBuildFile; fileRef = FAE86144236498A000674E04 /* SignupViewModel.swift */; };
/* End PBXBuildFile section */

/* Begin PBXContainerItemProxy section */
		FAE86123236491C000674E04 /* PBXContainerItemProxy */ = {
			isa = PBXContainerItemProxy;
			containerPortal = FAE86101236491BF00674E04 /* Project object */;
			proxyType = 1;
			remoteGlobalIDString = FAE86108236491BF00674E04;
			remoteInfo = Artout;
		};
		FAE8612E236491C000674E04 /* PBXContainerItemProxy */ = {
			isa = PBXContainerItemProxy;
			containerPortal = FAE86101236491BF00674E04 /* Project object */;
			proxyType = 1;
			remoteGlobalIDString = FAE86108236491BF00674E04;
			remoteInfo = Artout;
		};
/* End PBXContainerItemProxy section */

/* Begin PBXFileReference section */
		FAE86109236491BF00674E04 /* Artout.app */ = {isa = PBXFileReference; explicitFileType = wrapper.application; includeInIndex = 0; path = Artout.app; sourceTree = BUILT_PRODUCTS_DIR; };
		FAE8610C236491BF00674E04 /* AppDelegate.swift */ = {isa = PBXFileReference; lastKnownFileType = sourcecode.swift; path = AppDelegate.swift; sourceTree = "<group>"; };
		FAE8610E236491BF00674E04 /* SceneDelegate.swift */ = {isa = PBXFileReference; lastKnownFileType = sourcecode.swift; path = SceneDelegate.swift; sourceTree = "<group>"; };
		FAE86111236491BF00674E04 /* Artout.xcdatamodel */ = {isa = PBXFileReference; lastKnownFileType = wrapper.xcdatamodel; path = Artout.xcdatamodel; sourceTree = "<group>"; };
		FAE86113236491BF00674E04 /* ContentView.swift */ = {isa = PBXFileReference; lastKnownFileType = sourcecode.swift; path = ContentView.swift; sourceTree = "<group>"; };
		FAE86115236491C000674E04 /* Assets.xcassets */ = {isa = PBXFileReference; lastKnownFileType = folder.assetcatalog; path = Assets.xcassets; sourceTree = "<group>"; };
		FAE86118236491C000674E04 /* Preview Assets.xcassets */ = {isa = PBXFileReference; lastKnownFileType = folder.assetcatalog; path = "Preview Assets.xcassets"; sourceTree = "<group>"; };
		FAE8611B236491C000674E04 /* Base */ = {isa = PBXFileReference; lastKnownFileType = file.storyboard; name = Base; path = Base.lproj/LaunchScreen.storyboard; sourceTree = "<group>"; };
		FAE8611D236491C000674E04 /* Info.plist */ = {isa = PBXFileReference; lastKnownFileType = text.plist.xml; path = Info.plist; sourceTree = "<group>"; };
		FAE86122236491C000674E04 /* ArtoutTests.xctest */ = {isa = PBXFileReference; explicitFileType = wrapper.cfbundle; includeInIndex = 0; path = ArtoutTests.xctest; sourceTree = BUILT_PRODUCTS_DIR; };
		FAE86126236491C000674E04 /* ArtoutTests.swift */ = {isa = PBXFileReference; lastKnownFileType = sourcecode.swift; path = ArtoutTests.swift; sourceTree = "<group>"; };
		FAE86128236491C000674E04 /* Info.plist */ = {isa = PBXFileReference; lastKnownFileType = text.plist.xml; path = Info.plist; sourceTree = "<group>"; };
		FAE8612D236491C000674E04 /* ArtoutUITests.xctest */ = {isa = PBXFileReference; explicitFileType = wrapper.cfbundle; includeInIndex = 0; path = ArtoutUITests.xctest; sourceTree = BUILT_PRODUCTS_DIR; };
		FAE86131236491C000674E04 /* ArtoutUITests.swift */ = {isa = PBXFileReference; lastKnownFileType = sourcecode.swift; path = ArtoutUITests.swift; sourceTree = "<group>"; };
		FAE86133236491C000674E04 /* Info.plist */ = {isa = PBXFileReference; lastKnownFileType = text.plist.xml; path = Info.plist; sourceTree = "<group>"; };
		FAE8613F236491F900674E04 /* SignupView.swift */ = {isa = PBXFileReference; lastKnownFileType = sourcecode.swift; path = SignupView.swift; sourceTree = "<group>"; };
		FAE861422364979B00674E04 /* LoginViewModel.swift */ = {isa = PBXFileReference; lastKnownFileType = sourcecode.swift; path = LoginViewModel.swift; sourceTree = "<group>"; };
		FAE86144236498A000674E04 /* SignupViewModel.swift */ = {isa = PBXFileReference; lastKnownFileType = sourcecode.swift; path = SignupViewModel.swift; sourceTree = "<group>"; };
/* End PBXFileReference section */

/* Begin PBXFrameworksBuildPhase section */
		FAE86106236491BF00674E04 /* Frameworks */ = {
			isa = PBXFrameworksBuildPhase;
			buildActionMask = 2147483647;
			files = (
			);
			runOnlyForDeploymentPostprocessing = 0;
		};
		FAE8611F236491C000674E04 /* Frameworks */ = {
			isa = PBXFrameworksBuildPhase;
			buildActionMask = 2147483647;
			files = (
			);
			runOnlyForDeploymentPostprocessing = 0;
		};
		FAE8612A236491C000674E04 /* Frameworks */ = {
			isa = PBXFrameworksBuildPhase;
			buildActionMask = 2147483647;
			files = (
			);
			runOnlyForDeploymentPostprocessing = 0;
		};
/* End PBXFrameworksBuildPhase section */

/* Begin PBXGroup section */
		FAE86100236491BF00674E04 = {
			isa = PBXGroup;
			children = (
				FAE8610B236491BF00674E04 /* Artout */,
				FAE86125236491C000674E04 /* ArtoutTests */,
				FAE86130236491C000674E04 /* ArtoutUITests */,
				FAE8610A236491BF00674E04 /* Products */,
			);
			sourceTree = "<group>";
		};
		FAE8610A236491BF00674E04 /* Products */ = {
			isa = PBXGroup;
			children = (
				FAE86109236491BF00674E04 /* Artout.app */,
				FAE86122236491C000674E04 /* ArtoutTests.xctest */,
				FAE8612D236491C000674E04 /* ArtoutUITests.xctest */,
			);
			name = Products;
			sourceTree = "<group>";
		};
		FAE8610B236491BF00674E04 /* Artout */ = {
			isa = PBXGroup;
			children = (
				FAE861412364971100674E04 /* Login_Signup */,
				FAE8610C236491BF00674E04 /* AppDelegate.swift */,
				FAE8610E236491BF00674E04 /* SceneDelegate.swift */,
				FAE86115236491C000674E04 /* Assets.xcassets */,
				FAE8611A236491C000674E04 /* LaunchScreen.storyboard */,
				FAE8611D236491C000674E04 /* Info.plist */,
				FAE86110236491BF00674E04 /* Artout.xcdatamodeld */,
				FAE86117236491C000674E04 /* Preview Content */,
			);
			path = Artout;
			sourceTree = "<group>";
		};
		FAE86117236491C000674E04 /* Preview Content */ = {
			isa = PBXGroup;
			children = (
				FAE86118236491C000674E04 /* Preview Assets.xcassets */,
			);
			path = "Preview Content";
			sourceTree = "<group>";
		};
		FAE86125236491C000674E04 /* ArtoutTests */ = {
			isa = PBXGroup;
			children = (
				FAE86126236491C000674E04 /* ArtoutTests.swift */,
				FAE86128236491C000674E04 /* Info.plist */,
			);
			path = ArtoutTests;
			sourceTree = "<group>";
		};
		FAE86130236491C000674E04 /* ArtoutUITests */ = {
			isa = PBXGroup;
			children = (
				FAE86131236491C000674E04 /* ArtoutUITests.swift */,
				FAE86133236491C000674E04 /* Info.plist */,
			);
			path = ArtoutUITests;
			sourceTree = "<group>";
		};
		FAE861412364971100674E04 /* Login_Signup */ = {
			isa = PBXGroup;
			children = (
				FAE86113236491BF00674E04 /* ContentView.swift */,
				FAE8613F236491F900674E04 /* SignupView.swift */,
				FAE861422364979B00674E04 /* LoginViewModel.swift */,
				FAE86144236498A000674E04 /* SignupViewModel.swift */,
			);
			path = Login_Signup;
			sourceTree = "<group>";
		};
/* End PBXGroup section */

/* Begin PBXNativeTarget section */
		FAE86108236491BF00674E04 /* Artout */ = {
			isa = PBXNativeTarget;
			buildConfigurationList = FAE86136236491C000674E04 /* Build configuration list for PBXNativeTarget "Artout" */;
			buildPhases = (
				FAE86105236491BF00674E04 /* Sources */,
				FAE86106236491BF00674E04 /* Frameworks */,
				FAE86107236491BF00674E04 /* Resources */,
			);
			buildRules = (
			);
			dependencies = (
			);
			name = Artout;
			productName = Artout;
			productReference = FAE86109236491BF00674E04 /* Artout.app */;
			productType = "com.apple.product-type.application";
		};
		FAE86121236491C000674E04 /* ArtoutTests */ = {
			isa = PBXNativeTarget;
			buildConfigurationList = FAE86139236491C000674E04 /* Build configuration list for PBXNativeTarget "ArtoutTests" */;
			buildPhases = (
				FAE8611E236491C000674E04 /* Sources */,
				FAE8611F236491C000674E04 /* Frameworks */,
				FAE86120236491C000674E04 /* Resources */,
			);
			buildRules = (
			);
			dependencies = (
				FAE86124236491C000674E04 /* PBXTargetDependency */,
			);
			name = ArtoutTests;
			productName = ArtoutTests;
			productReference = FAE86122236491C000674E04 /* ArtoutTests.xctest */;
			productType = "com.apple.product-type.bundle.unit-test";
		};
		FAE8612C236491C000674E04 /* ArtoutUITests */ = {
			isa = PBXNativeTarget;
			buildConfigurationList = FAE8613C236491C000674E04 /* Build configuration list for PBXNativeTarget "ArtoutUITests" */;
			buildPhases = (
				FAE86129236491C000674E04 /* Sources */,
				FAE8612A236491C000674E04 /* Frameworks */,
				FAE8612B236491C000674E04 /* Resources */,
			);
			buildRules = (
			);
			dependencies = (
				FAE8612F236491C000674E04 /* PBXTargetDependency */,
			);
			name = ArtoutUITests;
			productName = ArtoutUITests;
			productReference = FAE8612D236491C000674E04 /* ArtoutUITests.xctest */;
			productType = "com.apple.product-type.bundle.ui-testing";
		};
/* End PBXNativeTarget section */

/* Begin PBXProject section */
		FAE86101236491BF00674E04 /* Project object */ = {
			isa = PBXProject;
			attributes = {
				LastSwiftUpdateCheck = 1100;
				LastUpgradeCheck = 1100;
				ORGANIZATIONNAME = "Pooya Kabiri";
				TargetAttributes = {
					FAE86108236491BF00674E04 = {
						CreatedOnToolsVersion = 11.0;
					};
					FAE86121236491C000674E04 = {
						CreatedOnToolsVersion = 11.0;
						TestTargetID = FAE86108236491BF00674E04;
					};
					FAE8612C236491C000674E04 = {
						CreatedOnToolsVersion = 11.0;
						TestTargetID = FAE86108236491BF00674E04;
					};
				};
			};
			buildConfigurationList = FAE86104236491BF00674E04 /* Build configuration list for PBXProject "Artout" */;
			compatibilityVersion = "Xcode 9.3";
			developmentRegion = en;
			hasScannedForEncodings = 0;
			knownRegions = (
				en,
				Base,
			);
			mainGroup = FAE86100236491BF00674E04;
			productRefGroup = FAE8610A236491BF00674E04 /* Products */;
			projectDirPath = "";
			projectRoot = "";
			targets = (
				FAE86108236491BF00674E04 /* Artout */,
				FAE86121236491C000674E04 /* ArtoutTests */,
				FAE8612C236491C000674E04 /* ArtoutUITests */,
			);
		};
/* End PBXProject section */

/* Begin PBXResourcesBuildPhase section */
		FAE86107236491BF00674E04 /* Resources */ = {
			isa = PBXResourcesBuildPhase;
			buildActionMask = 2147483647;
			files = (
				FAE8611C236491C000674E04 /* LaunchScreen.storyboard in Resources */,
				FAE86119236491C000674E04 /* Preview Assets.xcassets in Resources */,
				FAE86116236491C000674E04 /* Assets.xcassets in Resources */,
			);
			runOnlyForDeploymentPostprocessing = 0;
		};
		FAE86120236491C000674E04 /* Resources */ = {
			isa = PBXResourcesBuildPhase;
			buildActionMask = 2147483647;
			files = (
			);
			runOnlyForDeploymentPostprocessing = 0;
		};
		FAE8612B236491C000674E04 /* Resources */ = {
			isa = PBXResourcesBuildPhase;
			buildActionMask = 2147483647;
			files = (
			);
			runOnlyForDeploymentPostprocessing = 0;
		};
/* End PBXResourcesBuildPhase section */

/* Begin PBXSourcesBuildPhase section */
		FAE86105236491BF00674E04 /* Sources */ = {
			isa = PBXSourcesBuildPhase;
			buildActionMask = 2147483647;
			files = (
				FAE8610D236491BF00674E04 /* AppDelegate.swift in Sources */,
				FAE861432364979B00674E04 /* LoginViewModel.swift in Sources */,
				FAE86112236491BF00674E04 /* Artout.xcdatamodeld in Sources */,
				FAE86145236498A000674E04 /* SignupViewModel.swift in Sources */,
				FAE86114236491BF00674E04 /* ContentView.swift in Sources */,
				FAE8610F236491BF00674E04 /* SceneDelegate.swift in Sources */,
				FAE86140236491F900674E04 /* SignupView.swift in Sources */,
			);
			runOnlyForDeploymentPostprocessing = 0;
		};
		FAE8611E236491C000674E04 /* Sources */ = {
			isa = PBXSourcesBuildPhase;
			buildActionMask = 2147483647;
			files = (
				FAE86127236491C000674E04 /* ArtoutTests.swift in Sources */,
			);
			runOnlyForDeploymentPostprocessing = 0;
		};
		FAE86129236491C000674E04 /* Sources */ = {
			isa = PBXSourcesBuildPhase;
			buildActionMask = 2147483647;
			files = (
				FAE86132236491C000674E04 /* ArtoutUITests.swift in Sources */,
			);
			runOnlyForDeploymentPostprocessing = 0;
		};
/* End PBXSourcesBuildPhase section */

/* Begin PBXTargetDependency section */
		FAE86124236491C000674E04 /* PBXTargetDependency */ = {
			isa = PBXTargetDependency;
			target = FAE86108236491BF00674E04 /* Artout */;
			targetProxy = FAE86123236491C000674E04 /* PBXContainerItemProxy */;
		};
		FAE8612F236491C000674E04 /* PBXTargetDependency */ = {
			isa = PBXTargetDependency;
			target = FAE86108236491BF00674E04 /* Artout */;
			targetProxy = FAE8612E236491C000674E04 /* PBXContainerItemProxy */;
		};
/* End PBXTargetDependency section */

/* Begin PBXVariantGroup section */
		FAE8611A236491C000674E04 /* LaunchScreen.storyboard */ = {
			isa = PBXVariantGroup;
			children = (
				FAE8611B236491C000674E04 /* Base */,
			);
			name = LaunchScreen.storyboard;
			sourceTree = "<group>";
		};
/* End PBXVariantGroup section */

/* Begin XCBuildConfiguration section */
		FAE86134236491C000674E04 /* Debug */ = {
			isa = XCBuildConfiguration;
			buildSettings = {
				ALWAYS_SEARCH_USER_PATHS = NO;
				CLANG_ANALYZER_NONNULL = YES;
				CLANG_ANALYZER_NUMBER_OBJECT_CONVERSION = YES_AGGRESSIVE;
				CLANG_CXX_LANGUAGE_STANDARD = "gnu++14";
				CLANG_CXX_LIBRARY = "libc++";
				CLANG_ENABLE_MODULES = YES;
				CLANG_ENABLE_OBJC_ARC = YES;
				CLANG_ENABLE_OBJC_WEAK = YES;
				CLANG_WARN_BLOCK_CAPTURE_AUTORELEASING = YES;
				CLANG_WARN_BOOL_CONVERSION = YES;
				CLANG_WARN_COMMA = YES;
				CLANG_WARN_CONSTANT_CONVERSION = YES;
				CLANG_WARN_DEPRECATED_OBJC_IMPLEMENTATIONS = YES;
				CLANG_WARN_DIRECT_OBJC_ISA_USAGE = YES_ERROR;
				CLANG_WARN_DOCUMENTATION_COMMENTS = YES;
				CLANG_WARN_EMPTY_BODY = YES;
				CLANG_WARN_ENUM_CONVERSION = YES;
				CLANG_WARN_INFINITE_RECURSION = YES;
				CLANG_WARN_INT_CONVERSION = YES;
				CLANG_WARN_NON_LITERAL_NULL_CONVERSION = YES;
				CLANG_WARN_OBJC_IMPLICIT_RETAIN_SELF = YES;
				CLANG_WARN_OBJC_LITERAL_CONVERSION = YES;
				CLANG_WARN_OBJC_ROOT_CLASS = YES_ERROR;
				CLANG_WARN_RANGE_LOOP_ANALYSIS = YES;
				CLANG_WARN_STRICT_PROTOTYPES = YES;
				CLANG_WARN_SUSPICIOUS_MOVE = YES;
				CLANG_WARN_UNGUARDED_AVAILABILITY = YES_AGGRESSIVE;
				CLANG_WARN_UNREACHABLE_CODE = YES;
				CLANG_WARN__DUPLICATE_METHOD_MATCH = YES;
				COPY_PHASE_STRIP = NO;
				DEBUG_INFORMATION_FORMAT = dwarf;
				ENABLE_STRICT_OBJC_MSGSEND = YES;
				ENABLE_TESTABILITY = YES;
				GCC_C_LANGUAGE_STANDARD = gnu11;
				GCC_DYNAMIC_NO_PIC = NO;
				GCC_NO_COMMON_BLOCKS = YES;
				GCC_OPTIMIZATION_LEVEL = 0;
				GCC_PREPROCESSOR_DEFINITIONS = (
					"DEBUG=1",
					"$(inherited)",
				);
				GCC_WARN_64_TO_32_BIT_CONVERSION = YES;
				GCC_WARN_ABOUT_RETURN_TYPE = YES_ERROR;
				GCC_WARN_UNDECLARED_SELECTOR = YES;
				GCC_WARN_UNINITIALIZED_AUTOS = YES_AGGRESSIVE;
				GCC_WARN_UNUSED_FUNCTION = YES;
				GCC_WARN_UNUSED_VARIABLE = YES;
				IPHONEOS_DEPLOYMENT_TARGET = 13.0;
				MTL_ENABLE_DEBUG_INFO = INCLUDE_SOURCE;
				MTL_FAST_MATH = YES;
				ONLY_ACTIVE_ARCH = YES;
				SDKROOT = iphoneos;
				SWIFT_ACTIVE_COMPILATION_CONDITIONS = DEBUG;
				SWIFT_OPTIMIZATION_LEVEL = "-Onone";
			};
			name = Debug;
		};
		FAE86135236491C000674E04 /* Release */ = {
			isa = XCBuildConfiguration;
			buildSettings = {
				ALWAYS_SEARCH_USER_PATHS = NO;
				CLANG_ANALYZER_NONNULL = YES;
				CLANG_ANALYZER_NUMBER_OBJECT_CONVERSION = YES_AGGRESSIVE;
				CLANG_CXX_LANGUAGE_STANDARD = "gnu++14";
				CLANG_CXX_LIBRARY = "libc++";
				CLANG_ENABLE_MODULES = YES;
				CLANG_ENABLE_OBJC_ARC = YES;
				CLANG_ENABLE_OBJC_WEAK = YES;
				CLANG_WARN_BLOCK_CAPTURE_AUTORELEASING = YES;
				CLANG_WARN_BOOL_CONVERSION = YES;
				CLANG_WARN_COMMA = YES;
				CLANG_WARN_CONSTANT_CONVERSION = YES;
				CLANG_WARN_DEPRECATED_OBJC_IMPLEMENTATIONS = YES;
				CLANG_WARN_DIRECT_OBJC_ISA_USAGE = YES_ERROR;
				CLANG_WARN_DOCUMENTATION_COMMENTS = YES;
				CLANG_WARN_EMPTY_BODY = YES;
				CLANG_WARN_ENUM_CONVERSION = YES;
				CLANG_WARN_INFINITE_RECURSION = YES;
				CLANG_WARN_INT_CONVERSION = YES;
				CLANG_WARN_NON_LITERAL_NULL_CONVERSION = YES;
				CLANG_WARN_OBJC_IMPLICIT_RETAIN_SELF = YES;
				CLANG_WARN_OBJC_LITERAL_CONVERSION = YES;
				CLANG_WARN_OBJC_ROOT_CLASS = YES_ERROR;
				CLANG_WARN_RANGE_LOOP_ANALYSIS = YES;
				CLANG_WARN_STRICT_PROTOTYPES = YES;
				CLANG_WARN_SUSPICIOUS_MOVE = YES;
				CLANG_WARN_UNGUARDED_AVAILABILITY = YES_AGGRESSIVE;
				CLANG_WARN_UNREACHABLE_CODE = YES;
				CLANG_WARN__DUPLICATE_METHOD_MATCH = YES;
				COPY_PHASE_STRIP = NO;
				DEBUG_INFORMATION_FORMAT = "dwarf-with-dsym";
				ENABLE_NS_ASSERTIONS = NO;
				ENABLE_STRICT_OBJC_MSGSEND = YES;
				GCC_C_LANGUAGE_STANDARD = gnu11;
				GCC_NO_COMMON_BLOCKS = YES;
				GCC_WARN_64_TO_32_BIT_CONVERSION = YES;
				GCC_WARN_ABOUT_RETURN_TYPE = YES_ERROR;
				GCC_WARN_UNDECLARED_SELECTOR = YES;
				GCC_WARN_UNINITIALIZED_AUTOS = YES_AGGRESSIVE;
				GCC_WARN_UNUSED_FUNCTION = YES;
				GCC_WARN_UNUSED_VARIABLE = YES;
				IPHONEOS_DEPLOYMENT_TARGET = 13.0;
				MTL_ENABLE_DEBUG_INFO = NO;
				MTL_FAST_MATH = YES;
				SDKROOT = iphoneos;
				SWIFT_COMPILATION_MODE = wholemodule;
				SWIFT_OPTIMIZATION_LEVEL = "-O";
				VALIDATE_PRODUCT = YES;
			};
			name = Release;
		};
		FAE86137236491C000674E04 /* Debug */ = {
			isa = XCBuildConfiguration;
			buildSettings = {
				ASSETCATALOG_COMPILER_APPICON_NAME = AppIcon;
				CODE_SIGN_STYLE = Automatic;
				DEVELOPMENT_ASSET_PATHS = "\"Artout/Preview Content\"";
				DEVELOPMENT_TEAM = 5Y97LJN6DF;
				ENABLE_PREVIEWS = YES;
				INFOPLIST_FILE = Artout/Info.plist;
				LD_RUNPATH_SEARCH_PATHS = (
					"$(inherited)",
					"@executable_path/Frameworks",
				);
				PRODUCT_BUNDLE_IDENTIFIER = com.pooyakab.Artout;
				PRODUCT_NAME = "$(TARGET_NAME)";
				SWIFT_VERSION = 5.0;
				TARGETED_DEVICE_FAMILY = "1,2";
			};
			name = Debug;
		};
		FAE86138236491C000674E04 /* Release */ = {
			isa = XCBuildConfiguration;
			buildSettings = {
				ASSETCATALOG_COMPILER_APPICON_NAME = AppIcon;
				CODE_SIGN_STYLE = Automatic;
				DEVELOPMENT_ASSET_PATHS = "\"Artout/Preview Content\"";
				DEVELOPMENT_TEAM = 5Y97LJN6DF;
				ENABLE_PREVIEWS = YES;
				INFOPLIST_FILE = Artout/Info.plist;
				LD_RUNPATH_SEARCH_PATHS = (
					"$(inherited)",
					"@executable_path/Frameworks",
				);
				PRODUCT_BUNDLE_IDENTIFIER = com.pooyakab.Artout;
				PRODUCT_NAME = "$(TARGET_NAME)";
				SWIFT_VERSION = 5.0;
				TARGETED_DEVICE_FAMILY = "1,2";
			};
			name = Release;
		};
		FAE8613A236491C000674E04 /* Debug */ = {
			isa = XCBuildConfiguration;
			buildSettings = {
				ALWAYS_EMBED_SWIFT_STANDARD_LIBRARIES = YES;
				BUNDLE_LOADER = "$(TEST_HOST)";
				CODE_SIGN_STYLE = Automatic;
				DEVELOPMENT_TEAM = 5Y97LJN6DF;
				INFOPLIST_FILE = ArtoutTests/Info.plist;
				IPHONEOS_DEPLOYMENT_TARGET = 13.0;
				LD_RUNPATH_SEARCH_PATHS = (
					"$(inherited)",
					"@executable_path/Frameworks",
					"@loader_path/Frameworks",
				);
				PRODUCT_BUNDLE_IDENTIFIER = com.pooyakab.ArtoutTests;
				PRODUCT_NAME = "$(TARGET_NAME)";
				SWIFT_VERSION = 5.0;
				TARGETED_DEVICE_FAMILY = "1,2";
				TEST_HOST = "$(BUILT_PRODUCTS_DIR)/Artout.app/Artout";
			};
			name = Debug;
		};
		FAE8613B236491C000674E04 /* Release */ = {
			isa = XCBuildConfiguration;
			buildSettings = {
				ALWAYS_EMBED_SWIFT_STANDARD_LIBRARIES = YES;
				BUNDLE_LOADER = "$(TEST_HOST)";
				CODE_SIGN_STYLE = Automatic;
				DEVELOPMENT_TEAM = 5Y97LJN6DF;
				INFOPLIST_FILE = ArtoutTests/Info.plist;
				IPHONEOS_DEPLOYMENT_TARGET = 13.0;
				LD_RUNPATH_SEARCH_PATHS = (
					"$(inherited)",
					"@executable_path/Frameworks",
					"@loader_path/Frameworks",
				);
				PRODUCT_BUNDLE_IDENTIFIER = com.pooyakab.ArtoutTests;
				PRODUCT_NAME = "$(TARGET_NAME)";
				SWIFT_VERSION = 5.0;
				TARGETED_DEVICE_FAMILY = "1,2";
				TEST_HOST = "$(BUILT_PRODUCTS_DIR)/Artout.app/Artout";
			};
			name = Release;
		};
		FAE8613D236491C000674E04 /* Debug */ = {
			isa = XCBuildConfiguration;
			buildSettings = {
				ALWAYS_EMBED_SWIFT_STANDARD_LIBRARIES = YES;
				CODE_SIGN_STYLE = Automatic;
				DEVELOPMENT_TEAM = 5Y97LJN6DF;
				INFOPLIST_FILE = ArtoutUITests/Info.plist;
				LD_RUNPATH_SEARCH_PATHS = (
					"$(inherited)",
					"@executable_path/Frameworks",
					"@loader_path/Frameworks",
				);
				PRODUCT_BUNDLE_IDENTIFIER = com.pooyakab.ArtoutUITests;
				PRODUCT_NAME = "$(TARGET_NAME)";
				SWIFT_VERSION = 5.0;
				TARGETED_DEVICE_FAMILY = "1,2";
				TEST_TARGET_NAME = Artout;
			};
			name = Debug;
		};
		FAE8613E236491C000674E04 /* Release */ = {
			isa = XCBuildConfiguration;
			buildSettings = {
				ALWAYS_EMBED_SWIFT_STANDARD_LIBRARIES = YES;
				CODE_SIGN_STYLE = Automatic;
				DEVELOPMENT_TEAM = 5Y97LJN6DF;
				INFOPLIST_FILE = ArtoutUITests/Info.plist;
				LD_RUNPATH_SEARCH_PATHS = (
					"$(inherited)",
					"@executable_path/Frameworks",
					"@loader_path/Frameworks",
				);
				PRODUCT_BUNDLE_IDENTIFIER = com.pooyakab.ArtoutUITests;
				PRODUCT_NAME = "$(TARGET_NAME)";
				SWIFT_VERSION = 5.0;
				TARGETED_DEVICE_FAMILY = "1,2";
				TEST_TARGET_NAME = Artout;
			};
			name = Release;
		};
/* End XCBuildConfiguration section */

/* Begin XCConfigurationList section */
		FAE86104236491BF00674E04 /* Build configuration list for PBXProject "Artout" */ = {
			isa = XCConfigurationList;
			buildConfigurations = (
				FAE86134236491C000674E04 /* Debug */,
				FAE86135236491C000674E04 /* Release */,
			);
			defaultConfigurationIsVisible = 0;
			defaultConfigurationName = Release;
		};
		FAE86136236491C000674E04 /* Build configuration list for PBXNativeTarget "Artout" */ = {
			isa = XCConfigurationList;
			buildConfigurations = (
				FAE86137236491C000674E04 /* Debug */,
				FAE86138236491C000674E04 /* Release */,
			);
			defaultConfigurationIsVisible = 0;
			defaultConfigurationName = Release;
		};
		FAE86139236491C000674E04 /* Build configuration list for PBXNativeTarget "ArtoutTests" */ = {
			isa = XCConfigurationList;
			buildConfigurations = (
				FAE8613A236491C000674E04 /* Debug */,
				FAE8613B236491C000674E04 /* Release */,
			);
			defaultConfigurationIsVisible = 0;
			defaultConfigurationName = Release;
		};
		FAE8613C236491C000674E04 /* Build configuration list for PBXNativeTarget "ArtoutUITests" */ = {
			isa = XCConfigurationList;
			buildConfigurations = (
				FAE8613D236491C000674E04 /* Debug */,
				FAE8613E236491C000674E04 /* Release */,
			);
			defaultConfigurationIsVisible = 0;
			defaultConfigurationName = Release;
		};
/* End XCConfigurationList section */

/* Begin XCVersionGroup section */
		FAE86110236491BF00674E04 /* Artout.xcdatamodeld */ = {
			isa = XCVersionGroup;
			children = (
				FAE86111236491BF00674E04 /* Artout.xcdatamodel */,
			);
			currentVersion = FAE86111236491BF00674E04 /* Artout.xcdatamodel */;
			path = Artout.xcdatamodeld;
			sourceTree = "<group>";
			versionGroupType = wrapper.xcdatamodel;
		};
/* End XCVersionGroup section */
	};
	rootObject = FAE86101236491BF00674E04 /* Project object */;
}
